
Microsoft Visual Studio Solution File, Format Version 12.00
# Visual Studio Version 17
VisualStudioVersion = 17.10.35122.118
MinimumVisualStudioVersion = 10.0.40219.1
Project("{FAE04EC0-301F-11D3-BF4B-00C04F79EFBC}") = "WinsFormsApp1", "WinsFormsApp1\WinsFormsApp1.csproj", "{068D0C93-E725-47CD-8B43-3EF08C859A16}"
EndProject
Global
	GlobalSection(SolutionConfigurationPlatforms) = preSolution
		Debug|Any CPU = Debug|Any CPU
		Release|Any CPU = Release|Any CPU
	EndGlobalSection
	GlobalSection(ProjectConfigurationPlatforms) = postSolution
		{068D0C93-E725-47CD-8B43-3EF08C859A16}.Debug|Any CPU.ActiveCfg = Debug|Any CPU
		{068D0C93-E725-47CD-8B43-3EF08C859A16}.Debug|Any CPU.Build.0 = Debug|Any CPU
		{068D0C93-E725-47CD-8B43-3EF08C859A16}.Release|Any CPU.ActiveCfg = Release|Any CPU
		{068D0C93-E725-47CD-8B43-3EF08C859A16}.Release|Any CPU.Build.0 = Release|Any CPU
	EndGlobalSection
	GlobalSection(SolutionProperties) = preSolution
		HideSolutionNode = FALSE
	EndGlobalSection
	GlobalSection(ExtensibilityGlobals) = postSolution
		SolutionGuid = {480362E7-5939-42A4-9E7F-BB58018BEAE8}
	EndGlobalSection
EndGlobal
